
Microsoft Visual Studio Solution File, Format Version 12.00
# Visual Studio Version 17
VisualStudioVersion = 17.10.35027.167
MinimumVisualStudioVersion = 10.0.40219.1
Project("{FAE04EC0-301F-11D3-BF4B-00C04F79EFBC}") = "DPM235452_NGUYENKIMNGAN_BTTH03_01_ExtractMethod", "DPM235452_NGUYENKIMNGAN_BTTH03_01_ExtractMethod\DPM235452_NGUYENKIMNGAN_BTTH03_01_ExtractMethod.csproj", "{B2B7EE04-C82A-4821-ADAB-EDB154714784}"
EndProject
Global
	GlobalSection(SolutionConfigurationPlatforms) = preSolution
		Debug|Any CPU = Debug|Any CPU
		Release|Any CPU = Release|Any CPU
	EndGlobalSection
	GlobalSection(ProjectConfigurationPlatforms) = postSolution
		{B2B7EE04-C82A-4821-ADAB-EDB154714784}.Debug|Any CPU.ActiveCfg = Debug|Any CPU
		{B2B7EE04-C82A-4821-ADAB-EDB154714784}.Debug|Any CPU.Build.0 = Debug|Any CPU
		{B2B7EE04-C82A-4821-ADAB-EDB154714784}.Release|Any CPU.ActiveCfg = Release|Any CPU
		{B2B7EE04-C82A-4821-ADAB-EDB154714784}.Release|Any CPU.Build.0 = Release|Any CPU
	EndGlobalSection
	GlobalSection(SolutionProperties) = preSolution
		HideSolutionNode = FALSE
	EndGlobalSection
	GlobalSection(ExtensibilityGlobals) = postSolution
		SolutionGuid = {5FFB78B2-2EC1-4D5D-A633-1C75C80F3C95}
	EndGlobalSection
EndGlobal
